
Microsoft Visual Studio Solution File, Format Version 12.00
# Visual Studio 2012
Project("{FAE04EC0-301F-11D3-BF4B-00C04F79EFBC}") = "FileUploadMVC4", "FileUploadMVC4\FileUploadMVC4.csproj", "{F5373B5B-DEAA-4A13-968C-05B75849A324}"
EndProject
Global
	GlobalSection(SolutionConfigurationPlatforms) = preSolution
		Debug|Any CPU = Debug|Any CPU
		Release|Any CPU = Release|Any CPU
	EndGlobalSection
	GlobalSection(ProjectConfigurationPlatforms) = postSolution
		{F5373B5B-DEAA-4A13-968C-05B75849A324}.Debug|Any CPU.ActiveCfg = Debug|Any CPU
		{F5373B5B-DEAA-4A13-968C-05B75849A324}.Debug|Any CPU.Build.0 = Debug|Any CPU
		{F5373B5B-DEAA-4A13-968C-05B75849A324}.Release|Any CPU.ActiveCfg = Release|Any CPU
		{F5373B5B-DEAA-4A13-968C-05B75849A324}.Release|Any CPU.Build.0 = Release|Any CPU
	EndGlobalSection
	GlobalSection(SolutionProperties) = preSolution
		HideSolutionNode = FALSE
	EndGlobalSection
EndGlobal
